
Microsoft Visual Studio Solution File, Format Version 12.00
# Visual Studio Version 16
VisualStudioVersion = 16.0.30413.136
MinimumVisualStudioVersion = 10.0.40219.1
Project("{FAE04EC0-301F-11D3-BF4B-00C04F79EFBC}") = "CIS297P4", "CIS297P4\CIS297P4.csproj", "{782165CD-EB9C-437C-B0C2-2559129BDC33}"
EndProject
Global
	GlobalSection(SolutionConfigurationPlatforms) = preSolution
		Debug|Any CPU = Debug|Any CPU
		Release|Any CPU = Release|Any CPU
	EndGlobalSection
	GlobalSection(ProjectConfigurationPlatforms) = postSolution
		{782165CD-EB9C-437C-B0C2-2559129BDC33}.Debug|Any CPU.ActiveCfg = Debug|Any CPU
		{782165CD-EB9C-437C-B0C2-2559129BDC33}.Debug|Any CPU.Build.0 = Debug|Any CPU
		{782165CD-EB9C-437C-B0C2-2559129BDC33}.Release|Any CPU.ActiveCfg = Release|Any CPU
		{782165CD-EB9C-437C-B0C2-2559129BDC33}.Release|Any CPU.Build.0 = Release|Any CPU
	EndGlobalSection
	GlobalSection(SolutionProperties) = preSolution
		HideSolutionNode = FALSE
	EndGlobalSection
	GlobalSection(ExtensibilityGlobals) = postSolution
		SolutionGuid = {2D8DC4C2-E7B7-4858-9EB5-13DA0C9C29A6}
	EndGlobalSection
EndGlobal
